
Microsoft Visual Studio Solution File, Format Version 12.00
# Visual Studio Version 17
VisualStudioVersion = 17.2.32210.308
MinimumVisualStudioVersion = 10.0.40219.1
Project("{9A19103F-16F7-4668-BE54-9A1E7A4F7556}") = "DailyProduction", "DailyProduction.csproj", "{8AAF68BA-9CAA-4B03-BDEA-430F716BBB38}"
EndProject
Global
	GlobalSection(SolutionConfigurationPlatforms) = preSolution
		Debug|Any CPU = Debug|Any CPU
		Release|Any CPU = Release|Any CPU
	EndGlobalSection
	GlobalSection(ProjectConfigurationPlatforms) = postSolution
		{8AAF68BA-9CAA-4B03-BDEA-430F716BBB38}.Debug|Any CPU.ActiveCfg = Debug|Any CPU
		{8AAF68BA-9CAA-4B03-BDEA-430F716BBB38}.Debug|Any CPU.Build.0 = Debug|Any CPU
		{8AAF68BA-9CAA-4B03-BDEA-430F716BBB38}.Release|Any CPU.ActiveCfg = Release|Any CPU
		{8AAF68BA-9CAA-4B03-BDEA-430F716BBB38}.Release|Any CPU.Build.0 = Release|Any CPU
	EndGlobalSection
	GlobalSection(SolutionProperties) = preSolution
		HideSolutionNode = FALSE
	EndGlobalSection
	GlobalSection(ExtensibilityGlobals) = postSolution
		SolutionGuid = {2DC6CFCC-4DB0-4D01-9B81-0CFFC81905A1}
	EndGlobalSection
EndGlobal
